
Microsoft Visual Studio Solution File, Format Version 12.00
# Visual Studio Version 17
VisualStudioVersion = 17.0.31912.275
MinimumVisualStudioVersion = 10.0.40219.1
Project("{FAE04EC0-301F-11D3-BF4B-00C04F79EFBC}") = "TradingApp", "TradingApp\TradingApp.csproj", "{B3BDC658-EF6C-4685-93B5-0D6E25A80901}"
EndProject
Global
	GlobalSection(SolutionConfigurationPlatforms) = preSolution
		Debug|Any CPU = Debug|Any CPU
		Release|Any CPU = Release|Any CPU
	EndGlobalSection
	GlobalSection(ProjectConfigurationPlatforms) = postSolution
		{B3BDC658-EF6C-4685-93B5-0D6E25A80901}.Debug|Any CPU.ActiveCfg = Debug|Any CPU
		{B3BDC658-EF6C-4685-93B5-0D6E25A80901}.Debug|Any CPU.Build.0 = Debug|Any CPU
		{B3BDC658-EF6C-4685-93B5-0D6E25A80901}.Release|Any CPU.ActiveCfg = Release|Any CPU
		{B3BDC658-EF6C-4685-93B5-0D6E25A80901}.Release|Any CPU.Build.0 = Release|Any CPU
	EndGlobalSection
	GlobalSection(SolutionProperties) = preSolution
		HideSolutionNode = FALSE
	EndGlobalSection
	GlobalSection(ExtensibilityGlobals) = postSolution
		SolutionGuid = {B192F8F7-1BB5-4494-94B4-26E0CB00B79E}
	EndGlobalSection
EndGlobal
